
Microsoft Visual Studio Solution File, Format Version 12.00
# Visual Studio Version 16
VisualStudioVersion = 16.0.31005.135
MinimumVisualStudioVersion = 10.0.40219.1
Project("{FAE04EC0-301F-11D3-BF4B-00C04F79EFBC}") = "5het_P87V9A", "5het_P87V9A\5het_P87V9A.csproj", "{B79FE1AB-25A3-49D9-A643-8954C150D39D}"
EndProject
Global
	GlobalSection(SolutionConfigurationPlatforms) = preSolution
		Debug|Any CPU = Debug|Any CPU
		Release|Any CPU = Release|Any CPU
	EndGlobalSection
	GlobalSection(ProjectConfigurationPlatforms) = postSolution
		{B79FE1AB-25A3-49D9-A643-8954C150D39D}.Debug|Any CPU.ActiveCfg = Debug|Any CPU
		{B79FE1AB-25A3-49D9-A643-8954C150D39D}.Debug|Any CPU.Build.0 = Debug|Any CPU
		{B79FE1AB-25A3-49D9-A643-8954C150D39D}.Release|Any CPU.ActiveCfg = Release|Any CPU
		{B79FE1AB-25A3-49D9-A643-8954C150D39D}.Release|Any CPU.Build.0 = Release|Any CPU
	EndGlobalSection
	GlobalSection(SolutionProperties) = preSolution
		HideSolutionNode = FALSE
	EndGlobalSection
	GlobalSection(ExtensibilityGlobals) = postSolution
		SolutionGuid = {95843E2B-297B-4273-8BA5-8057388345D9}
	EndGlobalSection
EndGlobal
