
Microsoft Visual Studio Solution File, Format Version 12.00
# Visual Studio Version 16
VisualStudioVersion = 16.0.31005.135
MinimumVisualStudioVersion = 10.0.40219.1
Project("{FAE04EC0-301F-11D3-BF4B-00C04F79EFBC}") = "MintaZH", "MintaZH\MintaZH.csproj", "{ED0F347B-71FC-4745-837C-79E708BECB88}"
EndProject
Global
	GlobalSection(SolutionConfigurationPlatforms) = preSolution
		Debug|Any CPU = Debug|Any CPU
		Release|Any CPU = Release|Any CPU
	EndGlobalSection
	GlobalSection(ProjectConfigurationPlatforms) = postSolution
		{ED0F347B-71FC-4745-837C-79E708BECB88}.Debug|Any CPU.ActiveCfg = Debug|Any CPU
		{ED0F347B-71FC-4745-837C-79E708BECB88}.Debug|Any CPU.Build.0 = Debug|Any CPU
		{ED0F347B-71FC-4745-837C-79E708BECB88}.Release|Any CPU.ActiveCfg = Release|Any CPU
		{ED0F347B-71FC-4745-837C-79E708BECB88}.Release|Any CPU.Build.0 = Release|Any CPU
	EndGlobalSection
	GlobalSection(SolutionProperties) = preSolution
		HideSolutionNode = FALSE
	EndGlobalSection
	GlobalSection(ExtensibilityGlobals) = postSolution
		SolutionGuid = {1EA93B57-C231-4BF1-9492-5223FE50DB91}
	EndGlobalSection
EndGlobal
